
Microsoft Visual Studio Solution File, Format Version 12.00
# Visual Studio 15
VisualStudioVersion = 15.0.27130.2026
MinimumVisualStudioVersion = 10.0.40219.1
Project("{2150E333-8FDC-42A3-9474-1A3956D46DE8}") = "Aplication", "Aplication", "{B8176DF2-81BB-4A06-809D-839EC9CA0181}"
EndProject
Project("{2150E333-8FDC-42A3-9474-1A3956D46DE8}") = "INI", "INI", "{53F55847-A969-406D-A377-D550D2325992}"
	ProjectSection(SolutionItems) = preProject
		..\..\..\INI\EXCELOUT.INI = ..\..\..\INI\EXCELOUT.INI
		..\..\..\INI\EXCELTEMPLATE.INI = ..\..\..\INI\EXCELTEMPLATE.INI
		..\..\..\INI\MENU.INI = ..\..\..\INI\MENU.INI
		..\..\..\INI\RIREKI.TXT = ..\..\..\INI\RIREKI.TXT
		..\..\..\INI\SYSTEM.INI = ..\..\..\INI\SYSTEM.INI
	EndProjectSection
EndProject
Project("{2150E333-8FDC-42A3-9474-1A3956D46DE8}") = "Common", "Common", "{33A3C8AB-8A0C-4DDE-8756-A04126E1F585}"
EndProject
Project("{2150E333-8FDC-42A3-9474-1A3956D46DE8}") = "LOG", "LOG", "{67150766-8778-459F-8499-2992D7B4BA0D}"
EndProject
Project("{2150E333-8FDC-42A3-9474-1A3956D46DE8}") = "Libs", "Libs", "{37524F46-8F14-457C-ADA8-3FD0FD95AFA4}"
	ProjectSection(SolutionItems) = preProject
		Libs\PanelManager.dll = Libs\PanelManager.dll
		Libs\SpreadsheetGear2012.Core.dll = Libs\SpreadsheetGear2012.Core.dll
		Libs\SpreadsheetGear2012.Drawing.dll = Libs\SpreadsheetGear2012.Drawing.dll
		Libs\SpreadsheetGear2012.Windows.Forms.dll = Libs\SpreadsheetGear2012.Windows.Forms.dll
		Libs\TKMP.dll = Libs\TKMP.dll
	EndProjectSection
EndProject
Project("{2150E333-8FDC-42A3-9474-1A3956D46DE8}") = "BizApp", "BizApp", "{D70FCEFD-9C30-47F2-8477-4DBA645BB752}"
EndProject
Project("{2150E333-8FDC-42A3-9474-1A3956D46DE8}") = "MastaApp", "MastaApp", "{1034D131-E395-4208-B99E-F5BDA56C56F9}"
EndProject
Project("{2150E333-8FDC-42A3-9474-1A3956D46DE8}") = "BackgroundApp", "BackgroundApp", "{5CB9BEF7-F0AD-462A-BB08-6564A3BCEAAA}"
EndProject
Project("{2150E333-8FDC-42A3-9474-1A3956D46DE8}") = "TEST", "TEST", "{B3D084B4-9657-4FF0-8B26-05836E5D7EF9}"
EndProject
Project("{F184B08F-C81C-45F6-A57F-5ABD9991F28F}") = "FMS_CLICKONCE", "ClickOnce\FMS_CLICKONCE.vbproj", "{CC58A5EF-3CBA-44CB-A0AA-D4C9F3FDBB94}"
	ProjectSection(ProjectDependencies) = postProject
		{D30D7C24-D4AF-4ABC-80B0-48193C4AE10E} = {D30D7C24-D4AF-4ABC-80B0-48193C4AE10E}
		{872E4129-F788-40A1-91B0-C41F0AEE504E} = {872E4129-F788-40A1-91B0-C41F0AEE504E}
		{9355FC49-401C-4E1F-B804-9AA6372B9070} = {9355FC49-401C-4E1F-B804-9AA6372B9070}
		{57184F60-8A6B-4D9D-9D7D-F07CBC7EADDB} = {57184F60-8A6B-4D9D-9D7D-F07CBC7EADDB}
		{AF8DE561-72B8-4962-AF55-9BF41827118C} = {AF8DE561-72B8-4962-AF55-9BF41827118C}
		{5371D46A-CB53-4DD9-A136-4089FAB4EF7D} = {5371D46A-CB53-4DD9-A136-4089FAB4EF7D}
		{5A6CD5C4-4D03-4FB0-8FA0-11D5CC4217A9} = {5A6CD5C4-4D03-4FB0-8FA0-11D5CC4217A9}
		{5671D5DD-EAB8-4713-865C-C9C839D942D7} = {5671D5DD-EAB8-4713-865C-C9C839D942D7}
		{7956B7FA-1AF7-4AB7-ACE2-D43C0F4A45A5} = {7956B7FA-1AF7-4AB7-ACE2-D43C0F4A45A5}
	EndProjectSection
EndProject
Project("{2150E333-8FDC-42A3-9474-1A3956D46DE8}") = "ClickOnce", "ClickOnce", "{07333511-BD13-4ED6-9E9D-BF1BD4F46388}"
EndProject
Project("{F184B08F-C81C-45F6-A57F-5ABD9991F28F}") = "FMS_MODEL", "Common\MODEL\FMS_MODEL.vbproj", "{8923A885-8857-49FA-BE22-9B9CBF6D19C2}"
EndProject
Project("{2150E333-8FDC-42A3-9474-1A3956D46DE8}") = "Doc", "Doc", "{D33ED8F3-FC0F-4FA5-AE98-4A96B467C379}"
	ProjectSection(SolutionItems) = preProject
		Doc\memo.txt = Doc\memo.txt
	EndProjectSection
EndProject
Project("{F184B08F-C81C-45F6-A57F-5ABD9991F28F}") = "FMS_G0010(承認管理)", "Application\BizApp\FMS_G0010(承認管理)\FMS_G0010(承認管理).vbproj", "{5A6CD5C4-4D03-4FB0-8FA0-11D5CC4217A9}"
	ProjectSection(ProjectDependencies) = postProject
		{872E4129-F788-40A1-91B0-C41F0AEE504E} = {872E4129-F788-40A1-91B0-C41F0AEE504E}
	EndProjectSection
EndProject
Project("{F184B08F-C81C-45F6-A57F-5ABD9991F28F}") = "FMS_M0000(マスタメニュー)", "Application\MastaApp\FMS_M0000(マスタメニュー)\FMS_M0000(マスタメニュー).vbproj", "{D30D7C24-D4AF-4ABC-80B0-48193C4AE10E}"
	ProjectSection(ProjectDependencies) = postProject
		{872E4129-F788-40A1-91B0-C41F0AEE504E} = {872E4129-F788-40A1-91B0-C41F0AEE504E}
	EndProjectSection
EndProject
Project("{F184B08F-C81C-45F6-A57F-5ABD9991F28F}") = "FMS_M0010(システム設定値マスタ)", "Application\MastaApp\FMS_M0010(システム設定値マスタ)\FMS_M0010(システム設定値マスタ).vbproj", "{7956B7FA-1AF7-4AB7-ACE2-D43C0F4A45A5}"
	ProjectSection(ProjectDependencies) = postProject
		{872E4129-F788-40A1-91B0-C41F0AEE504E} = {872E4129-F788-40A1-91B0-C41F0AEE504E}
	EndProjectSection
EndProject
Project("{F184B08F-C81C-45F6-A57F-5ABD9991F28F}") = "FMS_M0060(稼働日マスタ)", "Application\MastaApp\FMS_M0060(稼働日マスタ)\FMS_M0060(稼働日マスタ).vbproj", "{9355FC49-401C-4E1F-B804-9AA6372B9070}"
	ProjectSection(ProjectDependencies) = postProject
		{872E4129-F788-40A1-91B0-C41F0AEE504E} = {872E4129-F788-40A1-91B0-C41F0AEE504E}
	EndProjectSection
EndProject
Project("{F184B08F-C81C-45F6-A57F-5ABD9991F28F}") = "FMS_M0040(社員マスタ)", "Application\MastaApp\FMS_M0040(社員マスタ)\FMS_M0040(社員マスタ).vbproj", "{5671D5DD-EAB8-4713-865C-C9C839D942D7}"
	ProjectSection(ProjectDependencies) = postProject
		{872E4129-F788-40A1-91B0-C41F0AEE504E} = {872E4129-F788-40A1-91B0-C41F0AEE504E}
	EndProjectSection
EndProject
Project("{F184B08F-C81C-45F6-A57F-5ABD9991F28F}") = "JMS_COMMON", "Common\JMS_COMMON\JMS_COMMON.vbproj", "{872E4129-F788-40A1-91B0-C41F0AEE504E}"
EndProject
Project("{2150E333-8FDC-42A3-9474-1A3956D46DE8}") = ".github", ".github", "{492C64C6-DDE9-4276-BBAF-861D77371BED}"
	ProjectSection(SolutionItems) = preProject
		.github\_Footer.md = .github\_Footer.md
		.github\_Sidebar.md = .github\_Sidebar.md
		.github\ISSUE_TEMPLATE.md = .github\ISSUE_TEMPLATE.md
		.github\PULL_REQUEST_TEMPLATE.md = .github\PULL_REQUEST_TEMPLATE.md
		.github\README.md = .github\README.md
	EndProjectSection
EndProject
Project("{2150E333-8FDC-42A3-9474-1A3956D46DE8}") = "Solution Items", "Solution Items", "{63A0AFBB-0174-48A2-9123-27257C917383}"
	ProjectSection(SolutionItems) = preProject
		FodyWeavers.xml = FodyWeavers.xml
	EndProjectSection
EndProject
Project("{F184B08F-C81C-45F6-A57F-5ABD9991F28F}") = "FMS_M1050(機種マスタ)", "Application\MastaApp\FMS_M1050(機種マスタ)\FMS_M1050(機種マスタ).vbproj", "{5371D46A-CB53-4DD9-A136-4089FAB4EF7D}"
EndProject
Project("{F184B08F-C81C-45F6-A57F-5ABD9991F28F}") = "FMS_M0020(部署マスタ)", "Application\MastaApp\FMS_M0020(部署マスタ)\FMS_M0020(部署マスタ).vbproj", "{447EBD30-C442-4EBF-B3EC-A9B17BAACA5E}"
EndProject
Project("{F184B08F-C81C-45F6-A57F-5ABD9991F28F}") = "FMS_M0050(所属部署マスタ)", "Application\MastaApp\FMS_M0050(所属部署マスタ)\FMS_M0050(所属部署マスタ).vbproj", "{AF8DE561-72B8-4962-AF55-9BF41827118C}"
EndProject
Project("{F184B08F-C81C-45F6-A57F-5ABD9991F28F}") = "FMS_M0160(承認担当者マスタ)", "Application\MastaApp\FMS_M0160(承認担当者マスタ)\FMS_M0160(承認担当者マスタ).vbproj", "{57184F60-8A6B-4D9D-9D7D-F07CBC7EADDB}"
EndProject
Project("{F184B08F-C81C-45F6-A57F-5ABD9991F28F}") = "FMS_M1060(部品番号マスタ)", "Application\MastaApp\FMS_M1060(部品番号マスタ)\FMS_M1060(部品番号マスタ).vbproj", "{035081B4-A56E-4AB5-BF07-3C80C3525779}"
EndProject
Project("{F184B08F-C81C-45F6-A57F-5ABD9991F28F}") = "FMS_M1070(部品機種マスタ)", "Application\MastaApp\FMS_M1070(部品機種マスタ)\FMS_M1070(部品機種マスタ).vbproj", "{6A23EC2C-97B7-44FD-B7B2-266A5F4160F8}"
EndProject
Project("{F184B08F-C81C-45F6-A57F-5ABD9991F28F}") = "FMS_M1010(取引先マスタ)", "Application\MastaApp\FMS_M1010(取引先マスタ)\FMS_M1010(取引先マスタ).vbproj", "{A2F94BC7-5A2B-4406-B66D-2E6B6EFE6E7E}"
EndProject
Project("{F184B08F-C81C-45F6-A57F-5ABD9991F28F}") = "FMS_U0010(裏処理)", "Application\BackgroundApp\FMS_U0010(裏処理)\FMS_U0010(裏処理).vbproj", "{1FC7CA0A-BFBD-4625-8CD2-D0611EA33483}"
EndProject
Global
	GlobalSection(SolutionConfigurationPlatforms) = preSolution
		Debug|Any CPU = Debug|Any CPU
		Debug|x64 = Debug|x64
		Debug|x86 = Debug|x86
		Release|Any CPU = Release|Any CPU
		Release|x64 = Release|x64
		Release|x86 = Release|x86
	EndGlobalSection
	GlobalSection(ProjectConfigurationPlatforms) = postSolution
		{CC58A5EF-3CBA-44CB-A0AA-D4C9F3FDBB94}.Debug|Any CPU.ActiveCfg = Debug|Any CPU
		{CC58A5EF-3CBA-44CB-A0AA-D4C9F3FDBB94}.Debug|Any CPU.Build.0 = Debug|Any CPU
		{CC58A5EF-3CBA-44CB-A0AA-D4C9F3FDBB94}.Debug|x64.ActiveCfg = Debug|Any CPU
		{CC58A5EF-3CBA-44CB-A0AA-D4C9F3FDBB94}.Debug|x64.Build.0 = Debug|Any CPU
		{CC58A5EF-3CBA-44CB-A0AA-D4C9F3FDBB94}.Debug|x86.ActiveCfg = Debug|x86
		{CC58A5EF-3CBA-44CB-A0AA-D4C9F3FDBB94}.Debug|x86.Build.0 = Debug|x86
		{CC58A5EF-3CBA-44CB-A0AA-D4C9F3FDBB94}.Release|Any CPU.ActiveCfg = Release|Any CPU
		{CC58A5EF-3CBA-44CB-A0AA-D4C9F3FDBB94}.Release|Any CPU.Build.0 = Release|Any CPU
		{CC58A5EF-3CBA-44CB-A0AA-D4C9F3FDBB94}.Release|x64.ActiveCfg = Release|Any CPU
		{CC58A5EF-3CBA-44CB-A0AA-D4C9F3FDBB94}.Release|x64.Build.0 = Release|Any CPU
		{CC58A5EF-3CBA-44CB-A0AA-D4C9F3FDBB94}.Release|x86.ActiveCfg = Release|x86
		{CC58A5EF-3CBA-44CB-A0AA-D4C9F3FDBB94}.Release|x86.Build.0 = Release|x86
		{8923A885-8857-49FA-BE22-9B9CBF6D19C2}.Debug|Any CPU.ActiveCfg = Debug|Any CPU
		{8923A885-8857-49FA-BE22-9B9CBF6D19C2}.Debug|Any CPU.Build.0 = Debug|Any CPU
		{8923A885-8857-49FA-BE22-9B9CBF6D19C2}.Debug|x64.ActiveCfg = Debug|Any CPU
		{8923A885-8857-49FA-BE22-9B9CBF6D19C2}.Debug|x64.Build.0 = Debug|Any CPU
		{8923A885-8857-49FA-BE22-9B9CBF6D19C2}.Debug|x86.ActiveCfg = Debug|Any CPU
		{8923A885-8857-49FA-BE22-9B9CBF6D19C2}.Debug|x86.Build.0 = Debug|Any CPU
		{8923A885-8857-49FA-BE22-9B9CBF6D19C2}.Release|Any CPU.ActiveCfg = Release|Any CPU
		{8923A885-8857-49FA-BE22-9B9CBF6D19C2}.Release|Any CPU.Build.0 = Release|Any CPU
		{8923A885-8857-49FA-BE22-9B9CBF6D19C2}.Release|x64.ActiveCfg = Release|Any CPU
		{8923A885-8857-49FA-BE22-9B9CBF6D19C2}.Release|x64.Build.0 = Release|Any CPU
		{8923A885-8857-49FA-BE22-9B9CBF6D19C2}.Release|x86.ActiveCfg = Release|Any CPU
		{8923A885-8857-49FA-BE22-9B9CBF6D19C2}.Release|x86.Build.0 = Release|Any CPU
		{5A6CD5C4-4D03-4FB0-8FA0-11D5CC4217A9}.Debug|Any CPU.ActiveCfg = Debug|Any CPU
		{5A6CD5C4-4D03-4FB0-8FA0-11D5CC4217A9}.Debug|Any CPU.Build.0 = Debug|Any CPU
		{5A6CD5C4-4D03-4FB0-8FA0-11D5CC4217A9}.Debug|x64.ActiveCfg = Debug|Any CPU
		{5A6CD5C4-4D03-4FB0-8FA0-11D5CC4217A9}.Debug|x64.Build.0 = Debug|Any CPU
		{5A6CD5C4-4D03-4FB0-8FA0-11D5CC4217A9}.Debug|x86.ActiveCfg = Debug|x86
		{5A6CD5C4-4D03-4FB0-8FA0-11D5CC4217A9}.Debug|x86.Build.0 = Debug|x86
		{5A6CD5C4-4D03-4FB0-8FA0-11D5CC4217A9}.Release|Any CPU.ActiveCfg = Release|Any CPU
		{5A6CD5C4-4D03-4FB0-8FA0-11D5CC4217A9}.Release|Any CPU.Build.0 = Release|Any CPU
		{5A6CD5C4-4D03-4FB0-8FA0-11D5CC4217A9}.Release|x64.ActiveCfg = Release|Any CPU
		{5A6CD5C4-4D03-4FB0-8FA0-11D5CC4217A9}.Release|x64.Build.0 = Release|Any CPU
		{5A6CD5C4-4D03-4FB0-8FA0-11D5CC4217A9}.Release|x86.ActiveCfg = Release|x86
		{5A6CD5C4-4D03-4FB0-8FA0-11D5CC4217A9}.Release|x86.Build.0 = Release|x86
		{D30D7C24-D4AF-4ABC-80B0-48193C4AE10E}.Debug|Any CPU.ActiveCfg = Debug|Any CPU
		{D30D7C24-D4AF-4ABC-80B0-48193C4AE10E}.Debug|Any CPU.Build.0 = Debug|Any CPU
		{D30D7C24-D4AF-4ABC-80B0-48193C4AE10E}.Debug|x64.ActiveCfg = Debug|x64
		{D30D7C24-D4AF-4ABC-80B0-48193C4AE10E}.Debug|x64.Build.0 = Debug|x64
		{D30D7C24-D4AF-4ABC-80B0-48193C4AE10E}.Debug|x86.ActiveCfg = Debug|x86
		{D30D7C24-D4AF-4ABC-80B0-48193C4AE10E}.Debug|x86.Build.0 = Debug|x86
		{D30D7C24-D4AF-4ABC-80B0-48193C4AE10E}.Release|Any CPU.ActiveCfg = Release|Any CPU
		{D30D7C24-D4AF-4ABC-80B0-48193C4AE10E}.Release|Any CPU.Build.0 = Release|Any CPU
		{D30D7C24-D4AF-4ABC-80B0-48193C4AE10E}.Release|x64.ActiveCfg = Release|x64
		{D30D7C24-D4AF-4ABC-80B0-48193C4AE10E}.Release|x64.Build.0 = Release|x64
		{D30D7C24-D4AF-4ABC-80B0-48193C4AE10E}.Release|x86.ActiveCfg = Release|x86
		{D30D7C24-D4AF-4ABC-80B0-48193C4AE10E}.Release|x86.Build.0 = Release|x86
		{7956B7FA-1AF7-4AB7-ACE2-D43C0F4A45A5}.Debug|Any CPU.ActiveCfg = Debug|Any CPU
		{7956B7FA-1AF7-4AB7-ACE2-D43C0F4A45A5}.Debug|Any CPU.Build.0 = Debug|Any CPU
		{7956B7FA-1AF7-4AB7-ACE2-D43C0F4A45A5}.Debug|x64.ActiveCfg = Debug|Any CPU
		{7956B7FA-1AF7-4AB7-ACE2-D43C0F4A45A5}.Debug|x64.Build.0 = Debug|Any CPU
		{7956B7FA-1AF7-4AB7-ACE2-D43C0F4A45A5}.Debug|x86.ActiveCfg = Debug|x86
		{7956B7FA-1AF7-4AB7-ACE2-D43C0F4A45A5}.Debug|x86.Build.0 = Debug|x86
		{7956B7FA-1AF7-4AB7-ACE2-D43C0F4A45A5}.Release|Any CPU.ActiveCfg = Release|Any CPU
		{7956B7FA-1AF7-4AB7-ACE2-D43C0F4A45A5}.Release|Any CPU.Build.0 = Release|Any CPU
		{7956B7FA-1AF7-4AB7-ACE2-D43C0F4A45A5}.Release|x64.ActiveCfg = Release|Any CPU
		{7956B7FA-1AF7-4AB7-ACE2-D43C0F4A45A5}.Release|x64.Build.0 = Release|Any CPU
		{7956B7FA-1AF7-4AB7-ACE2-D43C0F4A45A5}.Release|x86.ActiveCfg = Release|x86
		{7956B7FA-1AF7-4AB7-ACE2-D43C0F4A45A5}.Release|x86.Build.0 = Release|x86
		{9355FC49-401C-4E1F-B804-9AA6372B9070}.Debug|Any CPU.ActiveCfg = Debug|Any CPU
		{9355FC49-401C-4E1F-B804-9AA6372B9070}.Debug|Any CPU.Build.0 = Debug|Any CPU
		{9355FC49-401C-4E1F-B804-9AA6372B9070}.Debug|x64.ActiveCfg = Debug|Any CPU
		{9355FC49-401C-4E1F-B804-9AA6372B9070}.Debug|x64.Build.0 = Debug|Any CPU
		{9355FC49-401C-4E1F-B804-9AA6372B9070}.Debug|x86.ActiveCfg = Debug|x86
		{9355FC49-401C-4E1F-B804-9AA6372B9070}.Debug|x86.Build.0 = Debug|x86
		{9355FC49-401C-4E1F-B804-9AA6372B9070}.Release|Any CPU.ActiveCfg = Release|Any CPU
		{9355FC49-401C-4E1F-B804-9AA6372B9070}.Release|Any CPU.Build.0 = Release|Any CPU
		{9355FC49-401C-4E1F-B804-9AA6372B9070}.Release|x64.ActiveCfg = Release|Any CPU
		{9355FC49-401C-4E1F-B804-9AA6372B9070}.Release|x64.Build.0 = Release|Any CPU
		{9355FC49-401C-4E1F-B804-9AA6372B9070}.Release|x86.ActiveCfg = Release|x86
		{9355FC49-401C-4E1F-B804-9AA6372B9070}.Release|x86.Build.0 = Release|x86
		{5671D5DD-EAB8-4713-865C-C9C839D942D7}.Debug|Any CPU.ActiveCfg = Debug|Any CPU
		{5671D5DD-EAB8-4713-865C-C9C839D942D7}.Debug|Any CPU.Build.0 = Debug|Any CPU
		{5671D5DD-EAB8-4713-865C-C9C839D942D7}.Debug|x64.ActiveCfg = Debug|Any CPU
		{5671D5DD-EAB8-4713-865C-C9C839D942D7}.Debug|x64.Build.0 = Debug|Any CPU
		{5671D5DD-EAB8-4713-865C-C9C839D942D7}.Debug|x86.ActiveCfg = Debug|x86
		{5671D5DD-EAB8-4713-865C-C9C839D942D7}.Debug|x86.Build.0 = Debug|x86
		{5671D5DD-EAB8-4713-865C-C9C839D942D7}.Release|Any CPU.ActiveCfg = Release|Any CPU
		{5671D5DD-EAB8-4713-865C-C9C839D942D7}.Release|Any CPU.Build.0 = Release|Any CPU
		{5671D5DD-EAB8-4713-865C-C9C839D942D7}.Release|x64.ActiveCfg = Release|Any CPU
		{5671D5DD-EAB8-4713-865C-C9C839D942D7}.Release|x64.Build.0 = Release|Any CPU
		{5671D5DD-EAB8-4713-865C-C9C839D942D7}.Release|x86.ActiveCfg = Release|x86
		{5671D5DD-EAB8-4713-865C-C9C839D942D7}.Release|x86.Build.0 = Release|x86
		{872E4129-F788-40A1-91B0-C41F0AEE504E}.Debug|Any CPU.ActiveCfg = Debug|Any CPU
		{872E4129-F788-40A1-91B0-C41F0AEE504E}.Debug|Any CPU.Build.0 = Debug|Any CPU
		{872E4129-F788-40A1-91B0-C41F0AEE504E}.Debug|x64.ActiveCfg = Debug|Any CPU
		{872E4129-F788-40A1-91B0-C41F0AEE504E}.Debug|x64.Build.0 = Debug|Any CPU
		{872E4129-F788-40A1-91B0-C41F0AEE504E}.Debug|x86.ActiveCfg = Debug|x86
		{872E4129-F788-40A1-91B0-C41F0AEE504E}.Debug|x86.Build.0 = Debug|x86
		{872E4129-F788-40A1-91B0-C41F0AEE504E}.Release|Any CPU.ActiveCfg = Release|Any CPU
		{872E4129-F788-40A1-91B0-C41F0AEE504E}.Release|Any CPU.Build.0 = Release|Any CPU
		{872E4129-F788-40A1-91B0-C41F0AEE504E}.Release|x64.ActiveCfg = Release|Any CPU
		{872E4129-F788-40A1-91B0-C41F0AEE504E}.Release|x64.Build.0 = Release|Any CPU
		{872E4129-F788-40A1-91B0-C41F0AEE504E}.Release|x86.ActiveCfg = Release|x86
		{872E4129-F788-40A1-91B0-C41F0AEE504E}.Release|x86.Build.0 = Release|x86
		{5371D46A-CB53-4DD9-A136-4089FAB4EF7D}.Debug|Any CPU.ActiveCfg = Debug|Any CPU
		{5371D46A-CB53-4DD9-A136-4089FAB4EF7D}.Debug|Any CPU.Build.0 = Debug|Any CPU
		{5371D46A-CB53-4DD9-A136-4089FAB4EF7D}.Debug|x64.ActiveCfg = Debug|Any CPU
		{5371D46A-CB53-4DD9-A136-4089FAB4EF7D}.Debug|x64.Build.0 = Debug|Any CPU
		{5371D46A-CB53-4DD9-A136-4089FAB4EF7D}.Debug|x86.ActiveCfg = Debug|x86
		{5371D46A-CB53-4DD9-A136-4089FAB4EF7D}.Debug|x86.Build.0 = Debug|x86
		{5371D46A-CB53-4DD9-A136-4089FAB4EF7D}.Release|Any CPU.ActiveCfg = Release|Any CPU
		{5371D46A-CB53-4DD9-A136-4089FAB4EF7D}.Release|Any CPU.Build.0 = Release|Any CPU
		{5371D46A-CB53-4DD9-A136-4089FAB4EF7D}.Release|x64.ActiveCfg = Release|Any CPU
		{5371D46A-CB53-4DD9-A136-4089FAB4EF7D}.Release|x64.Build.0 = Release|Any CPU
		{5371D46A-CB53-4DD9-A136-4089FAB4EF7D}.Release|x86.ActiveCfg = Release|x86
		{5371D46A-CB53-4DD9-A136-4089FAB4EF7D}.Release|x86.Build.0 = Release|x86
		{447EBD30-C442-4EBF-B3EC-A9B17BAACA5E}.Debug|Any CPU.ActiveCfg = Debug|Any CPU
		{447EBD30-C442-4EBF-B3EC-A9B17BAACA5E}.Debug|Any CPU.Build.0 = Debug|Any CPU
		{447EBD30-C442-4EBF-B3EC-A9B17BAACA5E}.Debug|x64.ActiveCfg = Debug|Any CPU
		{447EBD30-C442-4EBF-B3EC-A9B17BAACA5E}.Debug|x64.Build.0 = Debug|Any CPU
		{447EBD30-C442-4EBF-B3EC-A9B17BAACA5E}.Debug|x86.ActiveCfg = Debug|x86
		{447EBD30-C442-4EBF-B3EC-A9B17BAACA5E}.Debug|x86.Build.0 = Debug|x86
		{447EBD30-C442-4EBF-B3EC-A9B17BAACA5E}.Release|Any CPU.ActiveCfg = Release|Any CPU
		{447EBD30-C442-4EBF-B3EC-A9B17BAACA5E}.Release|Any CPU.Build.0 = Release|Any CPU
		{447EBD30-C442-4EBF-B3EC-A9B17BAACA5E}.Release|x64.ActiveCfg = Release|Any CPU
		{447EBD30-C442-4EBF-B3EC-A9B17BAACA5E}.Release|x64.Build.0 = Release|Any CPU
		{447EBD30-C442-4EBF-B3EC-A9B17BAACA5E}.Release|x86.ActiveCfg = Release|x86
		{447EBD30-C442-4EBF-B3EC-A9B17BAACA5E}.Release|x86.Build.0 = Release|x86
		{AF8DE561-72B8-4962-AF55-9BF41827118C}.Debug|Any CPU.ActiveCfg = Debug|Any CPU
		{AF8DE561-72B8-4962-AF55-9BF41827118C}.Debug|Any CPU.Build.0 = Debug|Any CPU
		{AF8DE561-72B8-4962-AF55-9BF41827118C}.Debug|x64.ActiveCfg = Debug|Any CPU
		{AF8DE561-72B8-4962-AF55-9BF41827118C}.Debug|x64.Build.0 = Debug|Any CPU
		{AF8DE561-72B8-4962-AF55-9BF41827118C}.Debug|x86.ActiveCfg = Debug|x86
		{AF8DE561-72B8-4962-AF55-9BF41827118C}.Debug|x86.Build.0 = Debug|x86
		{AF8DE561-72B8-4962-AF55-9BF41827118C}.Release|Any CPU.ActiveCfg = Release|Any CPU
		{AF8DE561-72B8-4962-AF55-9BF41827118C}.Release|Any CPU.Build.0 = Release|Any CPU
		{AF8DE561-72B8-4962-AF55-9BF41827118C}.Release|x64.ActiveCfg = Release|Any CPU
		{AF8DE561-72B8-4962-AF55-9BF41827118C}.Release|x64.Build.0 = Release|Any CPU
		{AF8DE561-72B8-4962-AF55-9BF41827118C}.Release|x86.ActiveCfg = Release|x86
		{AF8DE561-72B8-4962-AF55-9BF41827118C}.Release|x86.Build.0 = Release|x86
		{57184F60-8A6B-4D9D-9D7D-F07CBC7EADDB}.Debug|Any CPU.ActiveCfg = Debug|Any CPU
		{57184F60-8A6B-4D9D-9D7D-F07CBC7EADDB}.Debug|Any CPU.Build.0 = Debug|Any CPU
		{57184F60-8A6B-4D9D-9D7D-F07CBC7EADDB}.Debug|x64.ActiveCfg = Debug|Any CPU
		{57184F60-8A6B-4D9D-9D7D-F07CBC7EADDB}.Debug|x64.Build.0 = Debug|Any CPU
		{57184F60-8A6B-4D9D-9D7D-F07CBC7EADDB}.Debug|x86.ActiveCfg = Debug|x86
		{57184F60-8A6B-4D9D-9D7D-F07CBC7EADDB}.Debug|x86.Build.0 = Debug|x86
		{57184F60-8A6B-4D9D-9D7D-F07CBC7EADDB}.Release|Any CPU.ActiveCfg = Release|Any CPU
		{57184F60-8A6B-4D9D-9D7D-F07CBC7EADDB}.Release|Any CPU.Build.0 = Release|Any CPU
		{57184F60-8A6B-4D9D-9D7D-F07CBC7EADDB}.Release|x64.ActiveCfg = Release|Any CPU
		{57184F60-8A6B-4D9D-9D7D-F07CBC7EADDB}.Release|x64.Build.0 = Release|Any CPU
		{57184F60-8A6B-4D9D-9D7D-F07CBC7EADDB}.Release|x86.ActiveCfg = Release|x86
		{57184F60-8A6B-4D9D-9D7D-F07CBC7EADDB}.Release|x86.Build.0 = Release|x86
		{035081B4-A56E-4AB5-BF07-3C80C3525779}.Debug|Any CPU.ActiveCfg = Debug|Any CPU
		{035081B4-A56E-4AB5-BF07-3C80C3525779}.Debug|Any CPU.Build.0 = Debug|Any CPU
		{035081B4-A56E-4AB5-BF07-3C80C3525779}.Debug|x64.ActiveCfg = Debug|Any CPU
		{035081B4-A56E-4AB5-BF07-3C80C3525779}.Debug|x64.Build.0 = Debug|Any CPU
		{035081B4-A56E-4AB5-BF07-3C80C3525779}.Debug|x86.ActiveCfg = Debug|x86
		{035081B4-A56E-4AB5-BF07-3C80C3525779}.Debug|x86.Build.0 = Debug|x86
		{035081B4-A56E-4AB5-BF07-3C80C3525779}.Release|Any CPU.ActiveCfg = Release|Any CPU
		{035081B4-A56E-4AB5-BF07-3C80C3525779}.Release|Any CPU.Build.0 = Release|Any CPU
		{035081B4-A56E-4AB5-BF07-3C80C3525779}.Release|x64.ActiveCfg = Release|Any CPU
		{035081B4-A56E-4AB5-BF07-3C80C3525779}.Release|x64.Build.0 = Release|Any CPU
		{035081B4-A56E-4AB5-BF07-3C80C3525779}.Release|x86.ActiveCfg = Release|x86
		{035081B4-A56E-4AB5-BF07-3C80C3525779}.Release|x86.Build.0 = Release|x86
		{6A23EC2C-97B7-44FD-B7B2-266A5F4160F8}.Debug|Any CPU.ActiveCfg = Debug|Any CPU
		{6A23EC2C-97B7-44FD-B7B2-266A5F4160F8}.Debug|Any CPU.Build.0 = Debug|Any CPU
		{6A23EC2C-97B7-44FD-B7B2-266A5F4160F8}.Debug|x64.ActiveCfg = Debug|Any CPU
		{6A23EC2C-97B7-44FD-B7B2-266A5F4160F8}.Debug|x64.Build.0 = Debug|Any CPU
		{6A23EC2C-97B7-44FD-B7B2-266A5F4160F8}.Debug|x86.ActiveCfg = Debug|x86
		{6A23EC2C-97B7-44FD-B7B2-266A5F4160F8}.Debug|x86.Build.0 = Debug|x86
		{6A23EC2C-97B7-44FD-B7B2-266A5F4160F8}.Release|Any CPU.ActiveCfg = Release|Any CPU
		{6A23EC2C-97B7-44FD-B7B2-266A5F4160F8}.Release|Any CPU.Build.0 = Release|Any CPU
		{6A23EC2C-97B7-44FD-B7B2-266A5F4160F8}.Release|x64.ActiveCfg = Release|Any CPU
		{6A23EC2C-97B7-44FD-B7B2-266A5F4160F8}.Release|x64.Build.0 = Release|Any CPU
		{6A23EC2C-97B7-44FD-B7B2-266A5F4160F8}.Release|x86.ActiveCfg = Release|x86
		{6A23EC2C-97B7-44FD-B7B2-266A5F4160F8}.Release|x86.Build.0 = Release|x86
		{A2F94BC7-5A2B-4406-B66D-2E6B6EFE6E7E}.Debug|Any CPU.ActiveCfg = Debug|Any CPU
		{A2F94BC7-5A2B-4406-B66D-2E6B6EFE6E7E}.Debug|Any CPU.Build.0 = Debug|Any CPU
		{A2F94BC7-5A2B-4406-B66D-2E6B6EFE6E7E}.Debug|x64.ActiveCfg = Debug|Any CPU
		{A2F94BC7-5A2B-4406-B66D-2E6B6EFE6E7E}.Debug|x64.Build.0 = Debug|Any CPU
		{A2F94BC7-5A2B-4406-B66D-2E6B6EFE6E7E}.Debug|x86.ActiveCfg = Debug|x86
		{A2F94BC7-5A2B-4406-B66D-2E6B6EFE6E7E}.Debug|x86.Build.0 = Debug|x86
		{A2F94BC7-5A2B-4406-B66D-2E6B6EFE6E7E}.Release|Any CPU.ActiveCfg = Release|Any CPU
		{A2F94BC7-5A2B-4406-B66D-2E6B6EFE6E7E}.Release|Any CPU.Build.0 = Release|Any CPU
		{A2F94BC7-5A2B-4406-B66D-2E6B6EFE6E7E}.Release|x64.ActiveCfg = Release|Any CPU
		{A2F94BC7-5A2B-4406-B66D-2E6B6EFE6E7E}.Release|x64.Build.0 = Release|Any CPU
		{A2F94BC7-5A2B-4406-B66D-2E6B6EFE6E7E}.Release|x86.ActiveCfg = Release|x86
		{A2F94BC7-5A2B-4406-B66D-2E6B6EFE6E7E}.Release|x86.Build.0 = Release|x86
		{1FC7CA0A-BFBD-4625-8CD2-D0611EA33483}.Debug|Any CPU.ActiveCfg = Debug|Any CPU
		{1FC7CA0A-BFBD-4625-8CD2-D0611EA33483}.Debug|Any CPU.Build.0 = Debug|Any CPU
		{1FC7CA0A-BFBD-4625-8CD2-D0611EA33483}.Debug|x64.ActiveCfg = Debug|Any CPU
		{1FC7CA0A-BFBD-4625-8CD2-D0611EA33483}.Debug|x64.Build.0 = Debug|Any CPU
		{1FC7CA0A-BFBD-4625-8CD2-D0611EA33483}.Debug|x86.ActiveCfg = Debug|x86
		{1FC7CA0A-BFBD-4625-8CD2-D0611EA33483}.Debug|x86.Build.0 = Debug|x86
		{1FC7CA0A-BFBD-4625-8CD2-D0611EA33483}.Release|Any CPU.ActiveCfg = Release|Any CPU
		{1FC7CA0A-BFBD-4625-8CD2-D0611EA33483}.Release|Any CPU.Build.0 = Release|Any CPU
		{1FC7CA0A-BFBD-4625-8CD2-D0611EA33483}.Release|x64.ActiveCfg = Release|Any CPU
		{1FC7CA0A-BFBD-4625-8CD2-D0611EA33483}.Release|x64.Build.0 = Release|Any CPU
		{1FC7CA0A-BFBD-4625-8CD2-D0611EA33483}.Release|x86.ActiveCfg = Release|x86
		{1FC7CA0A-BFBD-4625-8CD2-D0611EA33483}.Release|x86.Build.0 = Release|x86
	EndGlobalSection
	GlobalSection(SolutionProperties) = preSolution
		HideSolutionNode = FALSE
	EndGlobalSection
	GlobalSection(NestedProjects) = preSolution
		{D70FCEFD-9C30-47F2-8477-4DBA645BB752} = {B8176DF2-81BB-4A06-809D-839EC9CA0181}
		{1034D131-E395-4208-B99E-F5BDA56C56F9} = {B8176DF2-81BB-4A06-809D-839EC9CA0181}
		{5CB9BEF7-F0AD-462A-BB08-6564A3BCEAAA} = {B8176DF2-81BB-4A06-809D-839EC9CA0181}
		{CC58A5EF-3CBA-44CB-A0AA-D4C9F3FDBB94} = {07333511-BD13-4ED6-9E9D-BF1BD4F46388}
		{8923A885-8857-49FA-BE22-9B9CBF6D19C2} = {33A3C8AB-8A0C-4DDE-8756-A04126E1F585}
		{5A6CD5C4-4D03-4FB0-8FA0-11D5CC4217A9} = {D70FCEFD-9C30-47F2-8477-4DBA645BB752}
		{D30D7C24-D4AF-4ABC-80B0-48193C4AE10E} = {1034D131-E395-4208-B99E-F5BDA56C56F9}
		{7956B7FA-1AF7-4AB7-ACE2-D43C0F4A45A5} = {1034D131-E395-4208-B99E-F5BDA56C56F9}
		{9355FC49-401C-4E1F-B804-9AA6372B9070} = {1034D131-E395-4208-B99E-F5BDA56C56F9}
		{5671D5DD-EAB8-4713-865C-C9C839D942D7} = {1034D131-E395-4208-B99E-F5BDA56C56F9}
		{872E4129-F788-40A1-91B0-C41F0AEE504E} = {33A3C8AB-8A0C-4DDE-8756-A04126E1F585}
		{5371D46A-CB53-4DD9-A136-4089FAB4EF7D} = {1034D131-E395-4208-B99E-F5BDA56C56F9}
		{447EBD30-C442-4EBF-B3EC-A9B17BAACA5E} = {1034D131-E395-4208-B99E-F5BDA56C56F9}
		{AF8DE561-72B8-4962-AF55-9BF41827118C} = {1034D131-E395-4208-B99E-F5BDA56C56F9}
		{57184F60-8A6B-4D9D-9D7D-F07CBC7EADDB} = {1034D131-E395-4208-B99E-F5BDA56C56F9}
		{035081B4-A56E-4AB5-BF07-3C80C3525779} = {1034D131-E395-4208-B99E-F5BDA56C56F9}
		{6A23EC2C-97B7-44FD-B7B2-266A5F4160F8} = {1034D131-E395-4208-B99E-F5BDA56C56F9}
		{A2F94BC7-5A2B-4406-B66D-2E6B6EFE6E7E} = {1034D131-E395-4208-B99E-F5BDA56C56F9}
		{1FC7CA0A-BFBD-4625-8CD2-D0611EA33483} = {5CB9BEF7-F0AD-462A-BB08-6564A3BCEAAA}
	EndGlobalSection
	GlobalSection(ExtensibilityGlobals) = postSolution
		SolutionGuid = {7654D903-2DF2-4216-B2D3-7A7E3E63F7E7}
		BuildVersion_StartDate = 2000/1/1
		BuildVersion_UseGlobalSettings = True
	EndGlobalSection
EndGlobal
